
Microsoft Visual Studio Solution File, Format Version 12.00
# Visual Studio Version 17
VisualStudioVersion = 17.5.002.0
MinimumVisualStudioVersion = 10.0.40219.1
Project("{2150E333-8FDC-42A3-9474-1A3956D46DE8}") = "csharp-prep", "csharp-prep", "{19F8A2BD-BBBA-4053-8CDC-37EDF22A4CAC}"
EndProject
Project("{9A19103F-16F7-4668-BE54-9A1E7A4F7556}") = "Prep1", "csharp-prep\Prep1\Prep1.csproj", "{717964B9-2B14-4616-818D-AB589AE0D2E4}"
EndProject
Project("{9A19103F-16F7-4668-BE54-9A1E7A4F7556}") = "Prep2", "csharp-prep\Prep2\Prep2.csproj", "{89167562-4099-48CD-9F6F-C86C5B945056}"
EndProject
Project("{9A19103F-16F7-4668-BE54-9A1E7A4F7556}") = "Prep3", "csharp-prep\Prep3\Prep3.csproj", "{B5489178-A6D2-4A20-882A-33E88847B7CE}"
EndProject
Project("{9A19103F-16F7-4668-BE54-9A1E7A4F7556}") = "Prep4", "csharp-prep\Prep4\Prep4.csproj", "{DC99C812-F640-4105-9E8B-77E135EA0AD8}"
EndProject
Project("{9A19103F-16F7-4668-BE54-9A1E7A4F7556}") = "Prep5", "csharp-prep\Prep5\Prep5.csproj", "{030F8672-96FF-46D1-A15C-3AC93BE8B562}"
EndProject
Project("{2150E333-8FDC-42A3-9474-1A3956D46DE8}") = "final", "final", "{65959A98-A99E-4845-AD15-9DD1FAD73790}"
EndProject
Project("{9A19103F-16F7-4668-BE54-9A1E7A4F7556}") = "FinalProject", "final\FinalProject\FinalProject.csproj", "{2F8CFF5A-AD60-4E23-B116-94BB837EF832}"
EndProject
Project("{9A19103F-16F7-4668-BE54-9A1E7A4F7556}") = "Foundation1", "final\Foundation1\Foundation1.csproj", "{F120C24A-2982-43EA-901E-EF4144213DEA}"
EndProject
Project("{9A19103F-16F7-4668-BE54-9A1E7A4F7556}") = "Foundation2", "final\Foundation2\Foundation2.csproj", "{46E8FEAD-4060-460A-8BCA-8C6FD8C9EF3C}"
EndProject
Project("{9A19103F-16F7-4668-BE54-9A1E7A4F7556}") = "Foundation3", "final\Foundation3\Foundation3.csproj", "{842E0185-4C0D-45AE-B92D-C03A9422A313}"
EndProject
Project("{9A19103F-16F7-4668-BE54-9A1E7A4F7556}") = "Foundation4", "final\Foundation4\Foundation4.csproj", "{D2C779F4-5F45-4FB0-B420-E284E68A0F30}"
EndProject
Project("{2150E333-8FDC-42A3-9474-1A3956D46DE8}") = "prepare", "prepare", "{BE721675-1D3E-4CC8-98ED-80AE99932241}"
EndProject
Project("{9A19103F-16F7-4668-BE54-9A1E7A4F7556}") = "Learning02", "prepare\Learning02\Learning02.csproj", "{6FDF2EB3-16DF-41A3-ACAD-D9596108211D}"
EndProject
Project("{9A19103F-16F7-4668-BE54-9A1E7A4F7556}") = "Learning03", "prepare\Learning03\Learning03.csproj", "{A72E2D03-F29C-4981-B562-731548D6B755}"
EndProject
Project("{9A19103F-16F7-4668-BE54-9A1E7A4F7556}") = "Learning04", "prepare\Learning04\Learning04.csproj", "{B60A2122-D098-4E1E-9DD7-C726942651A4}"
EndProject
Project("{9A19103F-16F7-4668-BE54-9A1E7A4F7556}") = "Learning05", "prepare\Learning05\Learning05.csproj", "{B0E46C3F-386C-4B39-8A78-F6C98456A881}"
EndProject
Project("{2150E333-8FDC-42A3-9474-1A3956D46DE8}") = "prove", "prove", "{1A3C1B4F-9307-4626-A510-4BF7A3FE1FE1}"
EndProject
Project("{9A19103F-16F7-4668-BE54-9A1E7A4F7556}") = "Develop02", "prove\Develop02\Develop02.csproj", "{BD20291F-3BF5-4471-B693-79D06CFDA115}"
EndProject
Project("{9A19103F-16F7-4668-BE54-9A1E7A4F7556}") = "Develop03", "prove\Develop03\Develop03.csproj", "{DD5EBFF1-F098-4E52-8637-85984FF33397}"
EndProject
Project("{9A19103F-16F7-4668-BE54-9A1E7A4F7556}") = "Develop04", "prove\Develop04\Develop04.csproj", "{397B8FE5-56BF-4327-AC42-83D8EC2F45F1}"
EndProject
Project("{9A19103F-16F7-4668-BE54-9A1E7A4F7556}") = "Develop05", "prove\Develop05\Develop05.csproj", "{7E980B1A-5214-4A4B-BAD2-D2930E005FD3}"
EndProject
Project("{2150E333-8FDC-42A3-9474-1A3956D46DE8}") = "sandbox", "sandbox", "{5F7BACCF-D160-43D5-86F2-852122773C5C}"
EndProject
Project("{9A19103F-16F7-4668-BE54-9A1E7A4F7556}") = "Sandbox", "sandbox\Sandbox\Sandbox.csproj", "{64ECAB18-2149-498A-AB73-0432F99850E1}"
EndProject
Global
	GlobalSection(SolutionConfigurationPlatforms) = preSolution
		Debug|Any CPU = Debug|Any CPU
		Release|Any CPU = Release|Any CPU
	EndGlobalSection
	GlobalSection(ProjectConfigurationPlatforms) = postSolution
		{717964B9-2B14-4616-818D-AB589AE0D2E4}.Debug|Any CPU.ActiveCfg = Debug|Any CPU
		{717964B9-2B14-4616-818D-AB589AE0D2E4}.Debug|Any CPU.Build.0 = Debug|Any CPU
		{717964B9-2B14-4616-818D-AB589AE0D2E4}.Release|Any CPU.ActiveCfg = Release|Any CPU
		{717964B9-2B14-4616-818D-AB589AE0D2E4}.Release|Any CPU.Build.0 = Release|Any CPU
		{89167562-4099-48CD-9F6F-C86C5B945056}.Debug|Any CPU.ActiveCfg = Debug|Any CPU
		{89167562-4099-48CD-9F6F-C86C5B945056}.Debug|Any CPU.Build.0 = Debug|Any CPU
		{89167562-4099-48CD-9F6F-C86C5B945056}.Release|Any CPU.ActiveCfg = Release|Any CPU
		{89167562-4099-48CD-9F6F-C86C5B945056}.Release|Any CPU.Build.0 = Release|Any CPU
		{B5489178-A6D2-4A20-882A-33E88847B7CE}.Debug|Any CPU.ActiveCfg = Debug|Any CPU
		{B5489178-A6D2-4A20-882A-33E88847B7CE}.Debug|Any CPU.Build.0 = Debug|Any CPU
		{B5489178-A6D2-4A20-882A-33E88847B7CE}.Release|Any CPU.ActiveCfg = Release|Any CPU
		{B5489178-A6D2-4A20-882A-33E88847B7CE}.Release|Any CPU.Build.0 = Release|Any CPU
		{DC99C812-F640-4105-9E8B-77E135EA0AD8}.Debug|Any CPU.ActiveCfg = Debug|Any CPU
		{DC99C812-F640-4105-9E8B-77E135EA0AD8}.Debug|Any CPU.Build.0 = Debug|Any CPU
		{DC99C812-F640-4105-9E8B-77E135EA0AD8}.Release|Any CPU.ActiveCfg = Release|Any CPU
		{DC99C812-F640-4105-9E8B-77E135EA0AD8}.Release|Any CPU.Build.0 = Release|Any CPU
		{030F8672-96FF-46D1-A15C-3AC93BE8B562}.Debug|Any CPU.ActiveCfg = Debug|Any CPU
		{030F8672-96FF-46D1-A15C-3AC93BE8B562}.Debug|Any CPU.Build.0 = Debug|Any CPU
		{030F8672-96FF-46D1-A15C-3AC93BE8B562}.Release|Any CPU.ActiveCfg = Release|Any CPU
		{030F8672-96FF-46D1-A15C-3AC93BE8B562}.Release|Any CPU.Build.0 = Release|Any CPU
		{2F8CFF5A-AD60-4E23-B116-94BB837EF832}.Debug|Any CPU.ActiveCfg = Debug|Any CPU
		{2F8CFF5A-AD60-4E23-B116-94BB837EF832}.Debug|Any CPU.Build.0 = Debug|Any CPU
		{2F8CFF5A-AD60-4E23-B116-94BB837EF832}.Release|Any CPU.ActiveCfg = Release|Any CPU
		{2F8CFF5A-AD60-4E23-B116-94BB837EF832}.Release|Any CPU.Build.0 = Release|Any CPU
		{F120C24A-2982-43EA-901E-EF4144213DEA}.Debug|Any CPU.ActiveCfg = Debug|Any CPU
		{F120C24A-2982-43EA-901E-EF4144213DEA}.Debug|Any CPU.Build.0 = Debug|Any CPU
		{F120C24A-2982-43EA-901E-EF4144213DEA}.Release|Any CPU.ActiveCfg = Release|Any CPU
		{F120C24A-2982-43EA-901E-EF4144213DEA}.Release|Any CPU.Build.0 = Release|Any CPU
		{46E8FEAD-4060-460A-8BCA-8C6FD8C9EF3C}.Debug|Any CPU.ActiveCfg = Debug|Any CPU
		{46E8FEAD-4060-460A-8BCA-8C6FD8C9EF3C}.Debug|Any CPU.Build.0 = Debug|Any CPU
		{46E8FEAD-4060-460A-8BCA-8C6FD8C9EF3C}.Release|Any CPU.ActiveCfg = Release|Any CPU
		{46E8FEAD-4060-460A-8BCA-8C6FD8C9EF3C}.Release|Any CPU.Build.0 = Release|Any CPU
		{842E0185-4C0D-45AE-B92D-C03A9422A313}.Debug|Any CPU.ActiveCfg = Debug|Any CPU
		{842E0185-4C0D-45AE-B92D-C03A9422A313}.Debug|Any CPU.Build.0 = Debug|Any CPU
		{842E0185-4C0D-45AE-B92D-C03A9422A313}.Release|Any CPU.ActiveCfg = Release|Any CPU
		{842E0185-4C0D-45AE-B92D-C03A9422A313}.Release|Any CPU.Build.0 = Release|Any CPU
		{D2C779F4-5F45-4FB0-B420-E284E68A0F30}.Debug|Any CPU.ActiveCfg = Debug|Any CPU
		{D2C779F4-5F45-4FB0-B420-E284E68A0F30}.Debug|Any CPU.Build.0 = Debug|Any CPU
		{D2C779F4-5F45-4FB0-B420-E284E68A0F30}.Release|Any CPU.ActiveCfg = Release|Any CPU
		{D2C779F4-5F45-4FB0-B420-E284E68A0F30}.Release|Any CPU.Build.0 = Release|Any CPU
		{6FDF2EB3-16DF-41A3-ACAD-D9596108211D}.Debug|Any CPU.ActiveCfg = Debug|Any CPU
		{6FDF2EB3-16DF-41A3-ACAD-D9596108211D}.Debug|Any CPU.Build.0 = Debug|Any CPU
		{6FDF2EB3-16DF-41A3-ACAD-D9596108211D}.Release|Any CPU.ActiveCfg = Release|Any CPU
		{6FDF2EB3-16DF-41A3-ACAD-D9596108211D}.Release|Any CPU.Build.0 = Release|Any CPU
		{A72E2D03-F29C-4981-B562-731548D6B755}.Debug|Any CPU.ActiveCfg = Debug|Any CPU
		{A72E2D03-F29C-4981-B562-731548D6B755}.Debug|Any CPU.Build.0 = Debug|Any CPU
		{A72E2D03-F29C-4981-B562-731548D6B755}.Release|Any CPU.ActiveCfg = Release|Any CPU
		{A72E2D03-F29C-4981-B562-731548D6B755}.Release|Any CPU.Build.0 = Release|Any CPU
		{B60A2122-D098-4E1E-9DD7-C726942651A4}.Debug|Any CPU.ActiveCfg = Debug|Any CPU
		{B60A2122-D098-4E1E-9DD7-C726942651A4}.Debug|Any CPU.Build.0 = Debug|Any CPU
		{B60A2122-D098-4E1E-9DD7-C726942651A4}.Release|Any CPU.ActiveCfg = Release|Any CPU
		{B60A2122-D098-4E1E-9DD7-C726942651A4}.Release|Any CPU.Build.0 = Release|Any CPU
		{B0E46C3F-386C-4B39-8A78-F6C98456A881}.Debug|Any CPU.ActiveCfg = Debug|Any CPU
		{B0E46C3F-386C-4B39-8A78-F6C98456A881}.Debug|Any CPU.Build.0 = Debug|Any CPU
		{B0E46C3F-386C-4B39-8A78-F6C98456A881}.Release|Any CPU.ActiveCfg = Release|Any CPU
		{B0E46C3F-386C-4B39-8A78-F6C98456A881}.Release|Any CPU.Build.0 = Release|Any CPU
		{BD20291F-3BF5-4471-B693-79D06CFDA115}.Debug|Any CPU.ActiveCfg = Debug|Any CPU
		{BD20291F-3BF5-4471-B693-79D06CFDA115}.Debug|Any CPU.Build.0 = Debug|Any CPU
		{BD20291F-3BF5-4471-B693-79D06CFDA115}.Release|Any CPU.ActiveCfg = Release|Any CPU
		{BD20291F-3BF5-4471-B693-79D06CFDA115}.Release|Any CPU.Build.0 = Release|Any CPU
		{DD5EBFF1-F098-4E52-8637-85984FF33397}.Debug|Any CPU.ActiveCfg = Debug|Any CPU
		{DD5EBFF1-F098-4E52-8637-85984FF33397}.Debug|Any CPU.Build.0 = Debug|Any CPU
		{DD5EBFF1-F098-4E52-8637-85984FF33397}.Release|Any CPU.ActiveCfg = Release|Any CPU
		{DD5EBFF1-F098-4E52-8637-85984FF33397}.Release|Any CPU.Build.0 = Release|Any CPU
		{397B8FE5-56BF-4327-AC42-83D8EC2F45F1}.Debug|Any CPU.ActiveCfg = Debug|Any CPU
		{397B8FE5-56BF-4327-AC42-83D8EC2F45F1}.Debug|Any CPU.Build.0 = Debug|Any CPU
		{397B8FE5-56BF-4327-AC42-83D8EC2F45F1}.Release|Any CPU.ActiveCfg = Release|Any CPU
		{397B8FE5-56BF-4327-AC42-83D8EC2F45F1}.Release|Any CPU.Build.0 = Release|Any CPU
		{7E980B1A-5214-4A4B-BAD2-D2930E005FD3}.Debug|Any CPU.ActiveCfg = Debug|Any CPU
		{7E980B1A-5214-4A4B-BAD2-D2930E005FD3}.Debug|Any CPU.Build.0 = Debug|Any CPU
		{7E980B1A-5214-4A4B-BAD2-D2930E005FD3}.Release|Any CPU.ActiveCfg = Release|Any CPU
		{7E980B1A-5214-4A4B-BAD2-D2930E005FD3}.Release|Any CPU.Build.0 = Release|Any CPU
		{64ECAB18-2149-498A-AB73-0432F99850E1}.Debug|Any CPU.ActiveCfg = Debug|Any CPU
		{64ECAB18-2149-498A-AB73-0432F99850E1}.Debug|Any CPU.Build.0 = Debug|Any CPU
		{64ECAB18-2149-498A-AB73-0432F99850E1}.Release|Any CPU.ActiveCfg = Release|Any CPU
		{64ECAB18-2149-498A-AB73-0432F99850E1}.Release|Any CPU.Build.0 = Release|Any CPU
	EndGlobalSection
	GlobalSection(SolutionProperties) = preSolution
		HideSolutionNode = FALSE
	EndGlobalSection
	GlobalSection(NestedProjects) = preSolution
		{717964B9-2B14-4616-818D-AB589AE0D2E4} = {19F8A2BD-BBBA-4053-8CDC-37EDF22A4CAC}
		{89167562-4099-48CD-9F6F-C86C5B945056} = {19F8A2BD-BBBA-4053-8CDC-37EDF22A4CAC}
		{B5489178-A6D2-4A20-882A-33E88847B7CE} = {19F8A2BD-BBBA-4053-8CDC-37EDF22A4CAC}
		{DC99C812-F640-4105-9E8B-77E135EA0AD8} = {19F8A2BD-BBBA-4053-8CDC-37EDF22A4CAC}
		{030F8672-96FF-46D1-A15C-3AC93BE8B562} = {19F8A2BD-BBBA-4053-8CDC-37EDF22A4CAC}
		{2F8CFF5A-AD60-4E23-B116-94BB837EF832} = {65959A98-A99E-4845-AD15-9DD1FAD73790}
		{F120C24A-2982-43EA-901E-EF4144213DEA} = {65959A98-A99E-4845-AD15-9DD1FAD73790}
		{46E8FEAD-4060-460A-8BCA-8C6FD8C9EF3C} = {65959A98-A99E-4845-AD15-9DD1FAD73790}
		{842E0185-4C0D-45AE-B92D-C03A9422A313} = {65959A98-A99E-4845-AD15-9DD1FAD73790}
		{D2C779F4-5F45-4FB0-B420-E284E68A0F30} = {65959A98-A99E-4845-AD15-9DD1FAD73790}
		{6FDF2EB3-16DF-41A3-ACAD-D9596108211D} = {BE721675-1D3E-4CC8-98ED-80AE99932241}
		{A72E2D03-F29C-4981-B562-731548D6B755} = {BE721675-1D3E-4CC8-98ED-80AE99932241}
		{B60A2122-D098-4E1E-9DD7-C726942651A4} = {BE721675-1D3E-4CC8-98ED-80AE99932241}
		{B0E46C3F-386C-4B39-8A78-F6C98456A881} = {BE721675-1D3E-4CC8-98ED-80AE99932241}
		{BD20291F-3BF5-4471-B693-79D06CFDA115} = {1A3C1B4F-9307-4626-A510-4BF7A3FE1FE1}
		{DD5EBFF1-F098-4E52-8637-85984FF33397} = {1A3C1B4F-9307-4626-A510-4BF7A3FE1FE1}
		{397B8FE5-56BF-4327-AC42-83D8EC2F45F1} = {1A3C1B4F-9307-4626-A510-4BF7A3FE1FE1}
		{7E980B1A-5214-4A4B-BAD2-D2930E005FD3} = {1A3C1B4F-9307-4626-A510-4BF7A3FE1FE1}
		{64ECAB18-2149-498A-AB73-0432F99850E1} = {5F7BACCF-D160-43D5-86F2-852122773C5C}
	EndGlobalSection
	GlobalSection(ExtensibilityGlobals) = postSolution
		SolutionGuid = {2EB14555-CE68-4E3D-B5F9-101786250C3E}
	EndGlobalSection
EndGlobal
